{
  "name": "futuregov-technology",
  "requires": true,
  "lockfileVersion": 1,
  "dependencies": {
    "dialog-polyfill": {
      "version": "0.5.0",
      "resolved": "https://registry.npmjs.org/dialog-polyfill/-/dialog-polyfill-0.5.0.tgz",
      "integrity": "sha512-fOj68T8KB6UIsDFmK7zYbmORJMLYkRmtsLM1W6wbCVUWu4Hdcud5bqbvuueTxO84JXtK9HcpCHV9vNwlWUdCIw=="
    }
  }
}
